
Microsoft Visual Studio Solution File, Format Version 12.00
# Visual Studio Version 16
VisualStudioVersion = 16.0.34114.132
MinimumVisualStudioVersion = 10.0.40219.1
Project("{FAE04EC0-301F-11D3-BF4B-00C04F79EFBC}") = "TelephoneNumber", "TelephoneNumber.csproj", "{B685EC79-8176-4E98-9179-E1C5C2479EE7}"
EndProject
Global
	GlobalSection(SolutionConfigurationPlatforms) = preSolution
		Debug|Any CPU = Debug|Any CPU
		Release|Any CPU = Release|Any CPU
	EndGlobalSection
	GlobalSection(ProjectConfigurationPlatforms) = postSolution
		{B685EC79-8176-4E98-9179-E1C5C2479EE7}.Debug|Any CPU.ActiveCfg = Debug|Any CPU
		{B685EC79-8176-4E98-9179-E1C5C2479EE7}.Debug|Any CPU.Build.0 = Debug|Any CPU
		{B685EC79-8176-4E98-9179-E1C5C2479EE7}.Release|Any CPU.ActiveCfg = Release|Any CPU
		{B685EC79-8176-4E98-9179-E1C5C2479EE7}.Release|Any CPU.Build.0 = Release|Any CPU
	EndGlobalSection
	GlobalSection(SolutionProperties) = preSolution
		HideSolutionNode = FALSE
	EndGlobalSection
	GlobalSection(ExtensibilityGlobals) = postSolution
		SolutionGuid = {107A3274-0866-4B4E-B399-75AA76AD7EB9}
	EndGlobalSection
EndGlobal
